
Microsoft Visual Studio Solution File, Format Version 12.00
# Visual Studio Version 16
VisualStudioVersion = 16.0.29613.14
MinimumVisualStudioVersion = 10.0.40219.1
Project("{FAE04EC0-301F-11D3-BF4B-00C04F79EFBC}") = "XamarinCalculadora.UWP", "XamarinCalculadora\XamarinCalculadora.UWP\XamarinCalculadora.UWP.csproj", "{34B7AD65-C820-44EF-B91B-60E677429E42}"
EndProject
Project("{FAE04EC0-301F-11D3-BF4B-00C04F79EFBC}") = "XamarinCalculadora.Android", "XamarinCalculadora\XamarinCalculadora.Android\XamarinCalculadora.Android.csproj", "{21CA74D1-61DF-496B-9B6C-CD7057EA187B}"
EndProject
Project("{FAE04EC0-301F-11D3-BF4B-00C04F79EFBC}") = "XamarinCalculadora.iOS", "XamarinCalculadora\XamarinCalculadora.iOS\XamarinCalculadora.iOS.csproj", "{25E29E59-8799-4BB0-913B-DBCD84CCE7C2}"
EndProject
Project("{FAE04EC0-301F-11D3-BF4B-00C04F79EFBC}") = "XamarinCalculadora", "XamarinCalculadora\XamarinCalculadora\XamarinCalculadora.csproj", "{9B7F3A21-7CE8-4A5D-8612-2AFBC062C7E5}"
EndProject
Global
	GlobalSection(SolutionConfigurationPlatforms) = preSolution
		Debug|Any CPU = Debug|Any CPU
		Debug|ARM = Debug|ARM
		Debug|iPhone = Debug|iPhone
		Debug|iPhoneSimulator = Debug|iPhoneSimulator
		Debug|x64 = Debug|x64
		Debug|x86 = Debug|x86
		Release|Any CPU = Release|Any CPU
		Release|ARM = Release|ARM
		Release|iPhone = Release|iPhone
		Release|iPhoneSimulator = Release|iPhoneSimulator
		Release|x64 = Release|x64
		Release|x86 = Release|x86
	EndGlobalSection
	GlobalSection(ProjectConfigurationPlatforms) = postSolution
		{34B7AD65-C820-44EF-B91B-60E677429E42}.Debug|Any CPU.ActiveCfg = Debug|x86
		{34B7AD65-C820-44EF-B91B-60E677429E42}.Debug|Any CPU.Build.0 = Debug|x86
		{34B7AD65-C820-44EF-B91B-60E677429E42}.Debug|Any CPU.Deploy.0 = Debug|x86
		{34B7AD65-C820-44EF-B91B-60E677429E42}.Debug|ARM.ActiveCfg = Debug|ARM
		{34B7AD65-C820-44EF-B91B-60E677429E42}.Debug|ARM.Build.0 = Debug|ARM
		{34B7AD65-C820-44EF-B91B-60E677429E42}.Debug|ARM.Deploy.0 = Debug|ARM
		{34B7AD65-C820-44EF-B91B-60E677429E42}.Debug|iPhone.ActiveCfg = Debug|x86
		{34B7AD65-C820-44EF-B91B-60E677429E42}.Debug|iPhone.Build.0 = Debug|x86
		{34B7AD65-C820-44EF-B91B-60E677429E42}.Debug|iPhone.Deploy.0 = Debug|x86
		{34B7AD65-C820-44EF-B91B-60E677429E42}.Debug|iPhoneSimulator.ActiveCfg = Debug|x86
		{34B7AD65-C820-44EF-B91B-60E677429E42}.Debug|iPhoneSimulator.Build.0 = Debug|x86
		{34B7AD65-C820-44EF-B91B-60E677429E42}.Debug|iPhoneSimulator.Deploy.0 = Debug|x86
		{34B7AD65-C820-44EF-B91B-60E677429E42}.Debug|x64.ActiveCfg = Debug|x64
		{34B7AD65-C820-44EF-B91B-60E677429E42}.Debug|x64.Build.0 = Debug|x64
		{34B7AD65-C820-44EF-B91B-60E677429E42}.Debug|x64.Deploy.0 = Debug|x64
		{34B7AD65-C820-44EF-B91B-60E677429E42}.Debug|x86.ActiveCfg = Debug|x86
		{34B7AD65-C820-44EF-B91B-60E677429E42}.Debug|x86.Build.0 = Debug|x86
		{34B7AD65-C820-44EF-B91B-60E677429E42}.Debug|x86.Deploy.0 = Debug|x86
		{34B7AD65-C820-44EF-B91B-60E677429E42}.Release|Any CPU.ActiveCfg = Release|x86
		{34B7AD65-C820-44EF-B91B-60E677429E42}.Release|Any CPU.Build.0 = Release|x86
		{34B7AD65-C820-44EF-B91B-60E677429E42}.Release|Any CPU.Deploy.0 = Release|x86
		{34B7AD65-C820-44EF-B91B-60E677429E42}.Release|ARM.ActiveCfg = Release|ARM
		{34B7AD65-C820-44EF-B91B-60E677429E42}.Release|ARM.Build.0 = Release|ARM
		{34B7AD65-C820-44EF-B91B-60E677429E42}.Release|ARM.Deploy.0 = Release|ARM
		{34B7AD65-C820-44EF-B91B-60E677429E42}.Release|iPhone.ActiveCfg = Release|x86
		{34B7AD65-C820-44EF-B91B-60E677429E42}.Release|iPhone.Build.0 = Release|x86
		{34B7AD65-C820-44EF-B91B-60E677429E42}.Release|iPhone.Deploy.0 = Release|x86
		{34B7AD65-C820-44EF-B91B-60E677429E42}.Release|iPhoneSimulator.ActiveCfg = Release|x86
		{34B7AD65-C820-44EF-B91B-60E677429E42}.Release|iPhoneSimulator.Build.0 = Release|x86
		{34B7AD65-C820-44EF-B91B-60E677429E42}.Release|iPhoneSimulator.Deploy.0 = Release|x86
		{34B7AD65-C820-44EF-B91B-60E677429E42}.Release|x64.ActiveCfg = Release|x64
		{34B7AD65-C820-44EF-B91B-60E677429E42}.Release|x64.Build.0 = Release|x64
		{34B7AD65-C820-44EF-B91B-60E677429E42}.Release|x64.Deploy.0 = Release|x64
		{34B7AD65-C820-44EF-B91B-60E677429E42}.Release|x86.ActiveCfg = Release|x86
		{34B7AD65-C820-44EF-B91B-60E677429E42}.Release|x86.Build.0 = Release|x86
		{34B7AD65-C820-44EF-B91B-60E677429E42}.Release|x86.Deploy.0 = Release|x86
		{21CA74D1-61DF-496B-9B6C-CD7057EA187B}.Debug|Any CPU.ActiveCfg = Debug|Any CPU
		{21CA74D1-61DF-496B-9B6C-CD7057EA187B}.Debug|Any CPU.Build.0 = Debug|Any CPU
		{21CA74D1-61DF-496B-9B6C-CD7057EA187B}.Debug|Any CPU.Deploy.0 = Debug|Any CPU
		{21CA74D1-61DF-496B-9B6C-CD7057EA187B}.Debug|ARM.ActiveCfg = Debug|Any CPU
		{21CA74D1-61DF-496B-9B6C-CD7057EA187B}.Debug|ARM.Build.0 = Debug|Any CPU
		{21CA74D1-61DF-496B-9B6C-CD7057EA187B}.Debug|ARM.Deploy.0 = Debug|Any CPU
		{21CA74D1-61DF-496B-9B6C-CD7057EA187B}.Debug|iPhone.ActiveCfg = Debug|Any CPU
		{21CA74D1-61DF-496B-9B6C-CD7057EA187B}.Debug|iPhone.Build.0 = Debug|Any CPU
		{21CA74D1-61DF-496B-9B6C-CD7057EA187B}.Debug|iPhone.Deploy.0 = Debug|Any CPU
		{21CA74D1-61DF-496B-9B6C-CD7057EA187B}.Debug|iPhoneSimulator.ActiveCfg = Debug|Any CPU
		{21CA74D1-61DF-496B-9B6C-CD7057EA187B}.Debug|iPhoneSimulator.Build.0 = Debug|Any CPU
		{21CA74D1-61DF-496B-9B6C-CD7057EA187B}.Debug|iPhoneSimulator.Deploy.0 = Debug|Any CPU
		{21CA74D1-61DF-496B-9B6C-CD7057EA187B}.Debug|x64.ActiveCfg = Debug|Any CPU
		{21CA74D1-61DF-496B-9B6C-CD7057EA187B}.Debug|x64.Build.0 = Debug|Any CPU
		{21CA74D1-61DF-496B-9B6C-CD7057EA187B}.Debug|x64.Deploy.0 = Debug|Any CPU
		{21CA74D1-61DF-496B-9B6C-CD7057EA187B}.Debug|x86.ActiveCfg = Debug|Any CPU
		{21CA74D1-61DF-496B-9B6C-CD7057EA187B}.Debug|x86.Build.0 = Debug|Any CPU
		{21CA74D1-61DF-496B-9B6C-CD7057EA187B}.Debug|x86.Deploy.0 = Debug|Any CPU
		{21CA74D1-61DF-496B-9B6C-CD7057EA187B}.Release|Any CPU.ActiveCfg = Release|Any CPU
		{21CA74D1-61DF-496B-9B6C-CD7057EA187B}.Release|Any CPU.Build.0 = Release|Any CPU
		{21CA74D1-61DF-496B-9B6C-CD7057EA187B}.Release|Any CPU.Deploy.0 = Release|Any CPU
		{21CA74D1-61DF-496B-9B6C-CD7057EA187B}.Release|ARM.ActiveCfg = Release|Any CPU
		{21CA74D1-61DF-496B-9B6C-CD7057EA187B}.Release|ARM.Build.0 = Release|Any CPU
		{21CA74D1-61DF-496B-9B6C-CD7057EA187B}.Release|ARM.Deploy.0 = Release|Any CPU
		{21CA74D1-61DF-496B-9B6C-CD7057EA187B}.Release|iPhone.ActiveCfg = Release|Any CPU
		{21CA74D1-61DF-496B-9B6C-CD7057EA187B}.Release|iPhone.Build.0 = Release|Any CPU
		{21CA74D1-61DF-496B-9B6C-CD7057EA187B}.Release|iPhone.Deploy.0 = Release|Any CPU
		{21CA74D1-61DF-496B-9B6C-CD7057EA187B}.Release|iPhoneSimulator.ActiveCfg = Release|Any CPU
		{21CA74D1-61DF-496B-9B6C-CD7057EA187B}.Release|iPhoneSimulator.Build.0 = Release|Any CPU
		{21CA74D1-61DF-496B-9B6C-CD7057EA187B}.Release|iPhoneSimulator.Deploy.0 = Release|Any CPU
		{21CA74D1-61DF-496B-9B6C-CD7057EA187B}.Release|x64.ActiveCfg = Release|Any CPU
		{21CA74D1-61DF-496B-9B6C-CD7057EA187B}.Release|x64.Build.0 = Release|Any CPU
		{21CA74D1-61DF-496B-9B6C-CD7057EA187B}.Release|x64.Deploy.0 = Release|Any CPU
		{21CA74D1-61DF-496B-9B6C-CD7057EA187B}.Release|x86.ActiveCfg = Release|Any CPU
		{21CA74D1-61DF-496B-9B6C-CD7057EA187B}.Release|x86.Build.0 = Release|Any CPU
		{21CA74D1-61DF-496B-9B6C-CD7057EA187B}.Release|x86.Deploy.0 = Release|Any CPU
		{25E29E59-8799-4BB0-913B-DBCD84CCE7C2}.Debug|Any CPU.ActiveCfg = Debug|iPhone
		{25E29E59-8799-4BB0-913B-DBCD84CCE7C2}.Debug|Any CPU.Build.0 = Debug|iPhone
		{25E29E59-8799-4BB0-913B-DBCD84CCE7C2}.Debug|Any CPU.Deploy.0 = Debug|iPhone
		{25E29E59-8799-4BB0-913B-DBCD84CCE7C2}.Debug|ARM.ActiveCfg = Debug|iPhoneSimulator
		{25E29E59-8799-4BB0-913B-DBCD84CCE7C2}.Debug|ARM.Build.0 = Debug|iPhoneSimulator
		{25E29E59-8799-4BB0-913B-DBCD84CCE7C2}.Debug|ARM.Deploy.0 = Debug|iPhoneSimulator
		{25E29E59-8799-4BB0-913B-DBCD84CCE7C2}.Debug|iPhone.ActiveCfg = Debug|iPhone
		{25E29E59-8799-4BB0-913B-DBCD84CCE7C2}.Debug|iPhone.Build.0 = Debug|iPhone
		{25E29E59-8799-4BB0-913B-DBCD84CCE7C2}.Debug|iPhone.Deploy.0 = Debug|iPhone
		{25E29E59-8799-4BB0-913B-DBCD84CCE7C2}.Debug|iPhoneSimulator.ActiveCfg = Debug|iPhoneSimulator
		{25E29E59-8799-4BB0-913B-DBCD84CCE7C2}.Debug|iPhoneSimulator.Build.0 = Debug|iPhoneSimulator
		{25E29E59-8799-4BB0-913B-DBCD84CCE7C2}.Debug|iPhoneSimulator.Deploy.0 = Debug|iPhoneSimulator
		{25E29E59-8799-4BB0-913B-DBCD84CCE7C2}.Debug|x64.ActiveCfg = Debug|iPhone
		{25E29E59-8799-4BB0-913B-DBCD84CCE7C2}.Debug|x64.Build.0 = Debug|iPhone
		{25E29E59-8799-4BB0-913B-DBCD84CCE7C2}.Debug|x64.Deploy.0 = Debug|iPhone
		{25E29E59-8799-4BB0-913B-DBCD84CCE7C2}.Debug|x86.ActiveCfg = Debug|iPhone
		{25E29E59-8799-4BB0-913B-DBCD84CCE7C2}.Debug|x86.Build.0 = Debug|iPhone
		{25E29E59-8799-4BB0-913B-DBCD84CCE7C2}.Debug|x86.Deploy.0 = Debug|iPhone
		{25E29E59-8799-4BB0-913B-DBCD84CCE7C2}.Release|Any CPU.ActiveCfg = Release|iPhone
		{25E29E59-8799-4BB0-913B-DBCD84CCE7C2}.Release|Any CPU.Build.0 = Release|iPhone
		{25E29E59-8799-4BB0-913B-DBCD84CCE7C2}.Release|Any CPU.Deploy.0 = Release|iPhone
		{25E29E59-8799-4BB0-913B-DBCD84CCE7C2}.Release|ARM.ActiveCfg = Release|iPhone
		{25E29E59-8799-4BB0-913B-DBCD84CCE7C2}.Release|ARM.Build.0 = Release|iPhone
		{25E29E59-8799-4BB0-913B-DBCD84CCE7C2}.Release|ARM.Deploy.0 = Release|iPhone
		{25E29E59-8799-4BB0-913B-DBCD84CCE7C2}.Release|iPhone.ActiveCfg = Release|iPhone
		{25E29E59-8799-4BB0-913B-DBCD84CCE7C2}.Release|iPhone.Build.0 = Release|iPhone
		{25E29E59-8799-4BB0-913B-DBCD84CCE7C2}.Release|iPhone.Deploy.0 = Release|iPhone
		{25E29E59-8799-4BB0-913B-DBCD84CCE7C2}.Release|iPhoneSimulator.ActiveCfg = Release|iPhoneSimulator
		{25E29E59-8799-4BB0-913B-DBCD84CCE7C2}.Release|iPhoneSimulator.Build.0 = Release|iPhoneSimulator
		{25E29E59-8799-4BB0-913B-DBCD84CCE7C2}.Release|iPhoneSimulator.Deploy.0 = Release|iPhoneSimulator
		{25E29E59-8799-4BB0-913B-DBCD84CCE7C2}.Release|x64.ActiveCfg = Release|iPhone
		{25E29E59-8799-4BB0-913B-DBCD84CCE7C2}.Release|x64.Build.0 = Release|iPhone
		{25E29E59-8799-4BB0-913B-DBCD84CCE7C2}.Release|x64.Deploy.0 = Release|iPhone
		{25E29E59-8799-4BB0-913B-DBCD84CCE7C2}.Release|x86.ActiveCfg = Release|iPhone
		{25E29E59-8799-4BB0-913B-DBCD84CCE7C2}.Release|x86.Build.0 = Release|iPhone
		{25E29E59-8799-4BB0-913B-DBCD84CCE7C2}.Release|x86.Deploy.0 = Release|iPhone
		{9B7F3A21-7CE8-4A5D-8612-2AFBC062C7E5}.Debug|Any CPU.ActiveCfg = Debug|Any CPU
		{9B7F3A21-7CE8-4A5D-8612-2AFBC062C7E5}.Debug|Any CPU.Build.0 = Debug|Any CPU
		{9B7F3A21-7CE8-4A5D-8612-2AFBC062C7E5}.Debug|Any CPU.Deploy.0 = Debug|Any CPU
		{9B7F3A21-7CE8-4A5D-8612-2AFBC062C7E5}.Debug|ARM.ActiveCfg = Debug|Any CPU
		{9B7F3A21-7CE8-4A5D-8612-2AFBC062C7E5}.Debug|ARM.Build.0 = Debug|Any CPU
		{9B7F3A21-7CE8-4A5D-8612-2AFBC062C7E5}.Debug|ARM.Deploy.0 = Debug|Any CPU
		{9B7F3A21-7CE8-4A5D-8612-2AFBC062C7E5}.Debug|iPhone.ActiveCfg = Debug|Any CPU
		{9B7F3A21-7CE8-4A5D-8612-2AFBC062C7E5}.Debug|iPhone.Build.0 = Debug|Any CPU
		{9B7F3A21-7CE8-4A5D-8612-2AFBC062C7E5}.Debug|iPhone.Deploy.0 = Debug|Any CPU
		{9B7F3A21-7CE8-4A5D-8612-2AFBC062C7E5}.Debug|iPhoneSimulator.ActiveCfg = Debug|Any CPU
		{9B7F3A21-7CE8-4A5D-8612-2AFBC062C7E5}.Debug|iPhoneSimulator.Build.0 = Debug|Any CPU
		{9B7F3A21-7CE8-4A5D-8612-2AFBC062C7E5}.Debug|iPhoneSimulator.Deploy.0 = Debug|Any CPU
		{9B7F3A21-7CE8-4A5D-8612-2AFBC062C7E5}.Debug|x64.ActiveCfg = Debug|Any CPU
		{9B7F3A21-7CE8-4A5D-8612-2AFBC062C7E5}.Debug|x64.Build.0 = Debug|Any CPU
		{9B7F3A21-7CE8-4A5D-8612-2AFBC062C7E5}.Debug|x64.Deploy.0 = Debug|Any CPU
		{9B7F3A21-7CE8-4A5D-8612-2AFBC062C7E5}.Debug|x86.ActiveCfg = Debug|Any CPU
		{9B7F3A21-7CE8-4A5D-8612-2AFBC062C7E5}.Debug|x86.Build.0 = Debug|Any CPU
		{9B7F3A21-7CE8-4A5D-8612-2AFBC062C7E5}.Debug|x86.Deploy.0 = Debug|Any CPU
		{9B7F3A21-7CE8-4A5D-8612-2AFBC062C7E5}.Release|Any CPU.ActiveCfg = Release|Any CPU
		{9B7F3A21-7CE8-4A5D-8612-2AFBC062C7E5}.Release|Any CPU.Build.0 = Release|Any CPU
		{9B7F3A21-7CE8-4A5D-8612-2AFBC062C7E5}.Release|Any CPU.Deploy.0 = Release|Any CPU
		{9B7F3A21-7CE8-4A5D-8612-2AFBC062C7E5}.Release|ARM.ActiveCfg = Release|Any CPU
		{9B7F3A21-7CE8-4A5D-8612-2AFBC062C7E5}.Release|ARM.Build.0 = Release|Any CPU
		{9B7F3A21-7CE8-4A5D-8612-2AFBC062C7E5}.Release|ARM.Deploy.0 = Release|Any CPU
		{9B7F3A21-7CE8-4A5D-8612-2AFBC062C7E5}.Release|iPhone.ActiveCfg = Release|Any CPU
		{9B7F3A21-7CE8-4A5D-8612-2AFBC062C7E5}.Release|iPhone.Build.0 = Release|Any CPU
		{9B7F3A21-7CE8-4A5D-8612-2AFBC062C7E5}.Release|iPhone.Deploy.0 = Release|Any CPU
		{9B7F3A21-7CE8-4A5D-8612-2AFBC062C7E5}.Release|iPhoneSimulator.ActiveCfg = Release|Any CPU
		{9B7F3A21-7CE8-4A5D-8612-2AFBC062C7E5}.Release|iPhoneSimulator.Build.0 = Release|Any CPU
		{9B7F3A21-7CE8-4A5D-8612-2AFBC062C7E5}.Release|iPhoneSimulator.Deploy.0 = Release|Any CPU
		{9B7F3A21-7CE8-4A5D-8612-2AFBC062C7E5}.Release|x64.ActiveCfg = Release|Any CPU
		{9B7F3A21-7CE8-4A5D-8612-2AFBC062C7E5}.Release|x64.Build.0 = Release|Any CPU
		{9B7F3A21-7CE8-4A5D-8612-2AFBC062C7E5}.Release|x64.Deploy.0 = Release|Any CPU
		{9B7F3A21-7CE8-4A5D-8612-2AFBC062C7E5}.Release|x86.ActiveCfg = Release|Any CPU
		{9B7F3A21-7CE8-4A5D-8612-2AFBC062C7E5}.Release|x86.Build.0 = Release|Any CPU
		{9B7F3A21-7CE8-4A5D-8612-2AFBC062C7E5}.Release|x86.Deploy.0 = Release|Any CPU
	EndGlobalSection
	GlobalSection(SolutionProperties) = preSolution
		HideSolutionNode = FALSE
	EndGlobalSection
	GlobalSection(ExtensibilityGlobals) = postSolution
		SolutionGuid = {ECFEDF9F-66EA-4BDF-92C6-9919FE6DB9B5}
	EndGlobalSection
EndGlobal
